
Microsoft Visual Studio Solution File, Format Version 12.00
# Visual Studio 15
VisualStudioVersion = 15.0.27130.2020
MinimumVisualStudioVersion = 10.0.40219.1
Project("{FAE04EC0-301F-11D3-BF4B-00C04F79EFBC}") = "payroll", "payroll\payroll.csproj", "{8BF6A944-575A-4D08-A020-D3E08B348828}"
EndProject
Global
	GlobalSection(SolutionConfigurationPlatforms) = preSolution
		Debug|Any CPU = Debug|Any CPU
		Release|Any CPU = Release|Any CPU
	EndGlobalSection
	GlobalSection(ProjectConfigurationPlatforms) = postSolution
		{8BF6A944-575A-4D08-A020-D3E08B348828}.Debug|Any CPU.ActiveCfg = Debug|Any CPU
		{8BF6A944-575A-4D08-A020-D3E08B348828}.Debug|Any CPU.Build.0 = Debug|Any CPU
		{8BF6A944-575A-4D08-A020-D3E08B348828}.Release|Any CPU.ActiveCfg = Release|Any CPU
		{8BF6A944-575A-4D08-A020-D3E08B348828}.Release|Any CPU.Build.0 = Release|Any CPU
	EndGlobalSection
	GlobalSection(SolutionProperties) = preSolution
		HideSolutionNode = FALSE
	EndGlobalSection
	GlobalSection(ExtensibilityGlobals) = postSolution
		SolutionGuid = {6D54124A-C5A1-4335-AF79-5A9863E50DCB}
	EndGlobalSection
EndGlobal
